
Microsoft Visual Studio Solution File, Format Version 12.00
# Visual Studio Version 17
VisualStudioVersion = 17.0.32014.148
MinimumVisualStudioVersion = 10.0.40219.1
Project("{2150E333-8FDC-42A3-9474-1A3956D46DE8}") = "Application", "Application", "{93FEDA78-8763-45A2-98D7-89B2BC09CB48}"
EndProject
Project("{2150E333-8FDC-42A3-9474-1A3956D46DE8}") = "Domain", "Domain", "{322972EE-211D-4AF4-B32B-067511FA5CCD}"
EndProject
Project("{2150E333-8FDC-42A3-9474-1A3956D46DE8}") = "Infrastructure", "Infrastructure", "{86E969BF-810B-466B-8ACD-80D702C21FD2}"
EndProject
Project("{2150E333-8FDC-42A3-9474-1A3956D46DE8}") = "Service", "Service", "{BBA117E9-14A3-4059-A96E-E949217FFD5F}"
EndProject
Project("{FAE04EC0-301F-11D3-BF4B-00C04F79EFBC}") = "DesafioWebMotors.Api", "DesafioWebMotors.Api\DesafioWebMotors.Api.csproj", "{39D2791A-9A17-41B9-8A3A-F9F3EACBDCF7}"
EndProject
Project("{FAE04EC0-301F-11D3-BF4B-00C04F79EFBC}") = "DesafioWebMotors.Domain", "DesafioWebMotors.Domain\DesafioWebMotors.Domain.csproj", "{FDF09BDF-1C17-44BC-B19A-9FFA00EFEC01}"
EndProject
Project("{FAE04EC0-301F-11D3-BF4B-00C04F79EFBC}") = "DesafioWebMotors.Data", "DesafioWebMotors.Data\DesafioWebMotors.Data.csproj", "{538F7002-E0C6-44E1-88B0-AA0D5732564F}"
EndProject
Project("{2150E333-8FDC-42A3-9474-1A3956D46DE8}") = "Data", "Data", "{3715E364-0A71-43B8-A347-D458906FB878}"
EndProject
Project("{2150E333-8FDC-42A3-9474-1A3956D46DE8}") = "IoC", "IoC", "{CF646004-3E2B-487D-AA9D-FDD624CDA06C}"
EndProject
Project("{FAE04EC0-301F-11D3-BF4B-00C04F79EFBC}") = "DesafioWebMotors.IoC", "DesafioWebMotors.IoC\DesafioWebMotors.IoC.csproj", "{33872F43-D38E-49BC-B43F-BDEDDAE2E1DA}"
EndProject
Project("{FAE04EC0-301F-11D3-BF4B-00C04F79EFBC}") = "DesafioWebMotors.Service", "DesafioWebMotors.Service\DesafioWebMotors.Service.csproj", "{178D02D2-87B7-4079-9EC4-039E101D4B66}"
EndProject
Project("{2150E333-8FDC-42A3-9474-1A3956D46DE8}") = "ExternalServices", "ExternalServices", "{C105091C-55F2-4391-8EB7-C97689F35296}"
EndProject
Project("{2150E333-8FDC-42A3-9474-1A3956D46DE8}") = "Unit Test", "Unit Test", "{07F72F38-F1BF-4D17-A123-F9775443CB60}"
EndProject
Project("{FAE04EC0-301F-11D3-BF4B-00C04F79EFBC}") = "DesafioWebmotorsTeste", "DesafioWebmotorsTeste\DesafioWebmotorsTeste.csproj", "{3942FA7F-4929-4346-AD94-973EEE730D16}"
EndProject
Project("{FAE04EC0-301F-11D3-BF4B-00C04F79EFBC}") = "DesafioWebmotors.DesafioOnline", "DesafioWebmotors.DesafioOnline\DesafioWebmotors.DesafioOnline.csproj", "{A997964E-D15F-44D6-BEC0-2A4AE8639526}"
EndProject
Global
	GlobalSection(SolutionConfigurationPlatforms) = preSolution
		Debug|Any CPU = Debug|Any CPU
		Release|Any CPU = Release|Any CPU
	EndGlobalSection
	GlobalSection(ProjectConfigurationPlatforms) = postSolution
		{39D2791A-9A17-41B9-8A3A-F9F3EACBDCF7}.Debug|Any CPU.ActiveCfg = Debug|Any CPU
		{39D2791A-9A17-41B9-8A3A-F9F3EACBDCF7}.Debug|Any CPU.Build.0 = Debug|Any CPU
		{39D2791A-9A17-41B9-8A3A-F9F3EACBDCF7}.Release|Any CPU.ActiveCfg = Release|Any CPU
		{39D2791A-9A17-41B9-8A3A-F9F3EACBDCF7}.Release|Any CPU.Build.0 = Release|Any CPU
		{FDF09BDF-1C17-44BC-B19A-9FFA00EFEC01}.Debug|Any CPU.ActiveCfg = Debug|Any CPU
		{FDF09BDF-1C17-44BC-B19A-9FFA00EFEC01}.Debug|Any CPU.Build.0 = Debug|Any CPU
		{FDF09BDF-1C17-44BC-B19A-9FFA00EFEC01}.Release|Any CPU.ActiveCfg = Release|Any CPU
		{FDF09BDF-1C17-44BC-B19A-9FFA00EFEC01}.Release|Any CPU.Build.0 = Release|Any CPU
		{538F7002-E0C6-44E1-88B0-AA0D5732564F}.Debug|Any CPU.ActiveCfg = Debug|Any CPU
		{538F7002-E0C6-44E1-88B0-AA0D5732564F}.Debug|Any CPU.Build.0 = Debug|Any CPU
		{538F7002-E0C6-44E1-88B0-AA0D5732564F}.Release|Any CPU.ActiveCfg = Release|Any CPU
		{538F7002-E0C6-44E1-88B0-AA0D5732564F}.Release|Any CPU.Build.0 = Release|Any CPU
		{33872F43-D38E-49BC-B43F-BDEDDAE2E1DA}.Debug|Any CPU.ActiveCfg = Debug|Any CPU
		{33872F43-D38E-49BC-B43F-BDEDDAE2E1DA}.Debug|Any CPU.Build.0 = Debug|Any CPU
		{33872F43-D38E-49BC-B43F-BDEDDAE2E1DA}.Release|Any CPU.ActiveCfg = Release|Any CPU
		{33872F43-D38E-49BC-B43F-BDEDDAE2E1DA}.Release|Any CPU.Build.0 = Release|Any CPU
		{178D02D2-87B7-4079-9EC4-039E101D4B66}.Debug|Any CPU.ActiveCfg = Debug|Any CPU
		{178D02D2-87B7-4079-9EC4-039E101D4B66}.Debug|Any CPU.Build.0 = Debug|Any CPU
		{178D02D2-87B7-4079-9EC4-039E101D4B66}.Release|Any CPU.ActiveCfg = Release|Any CPU
		{178D02D2-87B7-4079-9EC4-039E101D4B66}.Release|Any CPU.Build.0 = Release|Any CPU
		{3942FA7F-4929-4346-AD94-973EEE730D16}.Debug|Any CPU.ActiveCfg = Debug|Any CPU
		{3942FA7F-4929-4346-AD94-973EEE730D16}.Debug|Any CPU.Build.0 = Debug|Any CPU
		{3942FA7F-4929-4346-AD94-973EEE730D16}.Release|Any CPU.ActiveCfg = Release|Any CPU
		{3942FA7F-4929-4346-AD94-973EEE730D16}.Release|Any CPU.Build.0 = Release|Any CPU
		{A997964E-D15F-44D6-BEC0-2A4AE8639526}.Debug|Any CPU.ActiveCfg = Debug|Any CPU
		{A997964E-D15F-44D6-BEC0-2A4AE8639526}.Debug|Any CPU.Build.0 = Debug|Any CPU
		{A997964E-D15F-44D6-BEC0-2A4AE8639526}.Release|Any CPU.ActiveCfg = Release|Any CPU
		{A997964E-D15F-44D6-BEC0-2A4AE8639526}.Release|Any CPU.Build.0 = Release|Any CPU
	EndGlobalSection
	GlobalSection(SolutionProperties) = preSolution
		HideSolutionNode = FALSE
	EndGlobalSection
	GlobalSection(NestedProjects) = preSolution
		{39D2791A-9A17-41B9-8A3A-F9F3EACBDCF7} = {93FEDA78-8763-45A2-98D7-89B2BC09CB48}
		{FDF09BDF-1C17-44BC-B19A-9FFA00EFEC01} = {322972EE-211D-4AF4-B32B-067511FA5CCD}
		{538F7002-E0C6-44E1-88B0-AA0D5732564F} = {3715E364-0A71-43B8-A347-D458906FB878}
		{3715E364-0A71-43B8-A347-D458906FB878} = {86E969BF-810B-466B-8ACD-80D702C21FD2}
		{CF646004-3E2B-487D-AA9D-FDD624CDA06C} = {86E969BF-810B-466B-8ACD-80D702C21FD2}
		{33872F43-D38E-49BC-B43F-BDEDDAE2E1DA} = {CF646004-3E2B-487D-AA9D-FDD624CDA06C}
		{178D02D2-87B7-4079-9EC4-039E101D4B66} = {BBA117E9-14A3-4059-A96E-E949217FFD5F}
		{C105091C-55F2-4391-8EB7-C97689F35296} = {86E969BF-810B-466B-8ACD-80D702C21FD2}
		{3942FA7F-4929-4346-AD94-973EEE730D16} = {07F72F38-F1BF-4D17-A123-F9775443CB60}
		{A997964E-D15F-44D6-BEC0-2A4AE8639526} = {C105091C-55F2-4391-8EB7-C97689F35296}
	EndGlobalSection
	GlobalSection(ExtensibilityGlobals) = postSolution
		SolutionGuid = {4A509B2A-F8C1-4464-A0DC-97CB9E966BCB}
	EndGlobalSection
EndGlobal
